# This file is automatically @generated by Cargo.
# It is not intended for manual editing.
version = 3

[[package]]
name = "belajar-rust-crate"
version = "0.1.0"
dependencies = [
 "say-hello-tobialbertino",
]

[[package]]
name = "say-hello-tobialbertino"
version = "0.3.0"
source = "registry+https://github.com/rust-lang/crates.io-index"
checksum = "4fdc14027c238373e1b4dfc91bee6fd5e04cae67684b3581c189411694d39b38"
