# This file is automatically @generated by Cargo.
# It is not intended for manual editing.
version = 3

[[package]]
name = "belajar-rust-crate"
version = "0.1.0"
dependencies = [
 "say-hello-tobialbertino",
]

[[package]]
name = "say-hello-tobialbertino"
version = "0.1.0"
source = "registry+https://github.com/rust-lang/crates.io-index"
checksum = "d57204d73bdcfe513baf21776e1ef5157eacd7dfff904d2273b08614dc4e847a"
