# This file is automatically @generated by Cargo.
# It is not intended for manual editing.
version = 3

[[package]]
name = "belajar-rust-crate"
version = "0.1.0"
dependencies = [
 "say-hello-tobialbertino",
]

[[package]]
name = "say-hello-tobialbertino"
version = "0.2.0"
source = "registry+https://github.com/rust-lang/crates.io-index"
checksum = "c1ed4952344c019425c64bf8be5cf8269e7fad824643148f4542e5c60431b421"
